
Microsoft Visual Studio Solution File, Format Version 12.00
# Visual Studio Version 17
VisualStudioVersion = 17.2.32630.192
MinimumVisualStudioVersion = 10.0.40219.1
Project("{FAE04EC0-301F-11D3-BF4B-00C04F79EFBC}") = "Crud1", "Crud1\Crud1.csproj", "{DE815E0D-150B-4B77-863B-842F521F5BB1}"
EndProject
Global
	GlobalSection(SolutionConfigurationPlatforms) = preSolution
		Debug|Any CPU = Debug|Any CPU
		Release|Any CPU = Release|Any CPU
	EndGlobalSection
	GlobalSection(ProjectConfigurationPlatforms) = postSolution
		{DE815E0D-150B-4B77-863B-842F521F5BB1}.Debug|Any CPU.ActiveCfg = Debug|Any CPU
		{DE815E0D-150B-4B77-863B-842F521F5BB1}.Debug|Any CPU.Build.0 = Debug|Any CPU
		{DE815E0D-150B-4B77-863B-842F521F5BB1}.Release|Any CPU.ActiveCfg = Release|Any CPU
		{DE815E0D-150B-4B77-863B-842F521F5BB1}.Release|Any CPU.Build.0 = Release|Any CPU
	EndGlobalSection
	GlobalSection(SolutionProperties) = preSolution
		HideSolutionNode = FALSE
	EndGlobalSection
	GlobalSection(ExtensibilityGlobals) = postSolution
		SolutionGuid = {8297121C-5EF0-48C1-A327-E02D544CA916}
	EndGlobalSection
EndGlobal
